// !$*UTF8*$!
{
	archiveVersion = 1;
	classes = {
	};
	objectVersion = 56;
	objects = {

/* Begin PBXBuildFile section */
		47AB95CA2AF777B200F6A82C /* Cameras.swift in Sources */ = {isa = PBXBuildFile; fileRef = 47AB95C92AF777B200F6A82C /* Cameras.swift */; };
		47BFB2572AEA721A008ABDA5 /* DispLayoverApp.swift in Sources */ = {isa = PBXBuildFile; fileRef = 47BFB2562AEA721A008ABDA5 /* DispLayoverApp.swift */; };
		47BFB2592AEA721A008ABDA5 /* ContentView.swift in Sources */ = {isa = PBXBuildFile; fileRef = 47BFB2582AEA721A008ABDA5 /* ContentView.swift */; };
		47BFB25B2AEA721A008ABDA5 /* Assets.xcassets in Resources */ = {isa = PBXBuildFile; fileRef = 47BFB25A2AEA721A008ABDA5 /* Assets.xcassets */; };
		47BFB25E2AEA721A008ABDA5 /* Preview Assets.xcassets in Resources */ = {isa = PBXBuildFile; fileRef = 47BFB25D2AEA721A008ABDA5 /* Preview Assets.xcassets */; };
		47E422242AF00E7E00FBB61A /* Shapes.swift in Sources */ = {isa = PBXBuildFile; fileRef = 47E422232AF00E7E00FBB61A /* Shapes.swift */; };
/* End PBXBuildFile section */

/* Begin PBXFileReference section */
		474C537E2AEAA7F000115387 /* README.md */ = {isa = PBXFileReference; lastKnownFileType = net.daringfireball.markdown; path = README.md; sourceTree = "<group>"; };
		47AB95C92AF777B200F6A82C /* Cameras.swift */ = {isa = PBXFileReference; lastKnownFileType = sourcecode.swift; path = Cameras.swift; sourceTree = "<group>"; };
		47BFB2532AEA721A008ABDA5 /* DispLayover.app */ = {isa = PBXFileReference; explicitFileType = wrapper.application; includeInIndex = 0; path = DispLayover.app; sourceTree = BUILT_PRODUCTS_DIR; };
		47BFB2562AEA721A008ABDA5 /* DispLayoverApp.swift */ = {isa = PBXFileReference; lastKnownFileType = sourcecode.swift; path = DispLayoverApp.swift; sourceTree = "<group>"; };
		47BFB2582AEA721A008ABDA5 /* ContentView.swift */ = {isa = PBXFileReference; lastKnownFileType = sourcecode.swift; path = ContentView.swift; sourceTree = "<group>"; };
		47BFB25A2AEA721A008ABDA5 /* Assets.xcassets */ = {isa = PBXFileReference; lastKnownFileType = folder.assetcatalog; path = Assets.xcassets; sourceTree = "<group>"; };
		47BFB25D2AEA721A008ABDA5 /* Preview Assets.xcassets */ = {isa = PBXFileReference; lastKnownFileType = folder.assetcatalog; path = "Preview Assets.xcassets"; sourceTree = "<group>"; };
		47BFB25F2AEA721A008ABDA5 /* displayover.entitlements */ = {isa = PBXFileReference; lastKnownFileType = text.plist.entitlements; path = displayover.entitlements; sourceTree = "<group>"; };
		47E422232AF00E7E00FBB61A /* Shapes.swift */ = {isa = PBXFileReference; lastKnownFileType = sourcecode.swift; path = Shapes.swift; sourceTree = "<group>"; };
/* End PBXFileReference section */

/* Begin PBXFrameworksBuildPhase section */
		47BFB2502AEA721A008ABDA5 /* Frameworks */ = {
			isa = PBXFrameworksBuildPhase;
			buildActionMask = 2147483647;
			files = (
			);
			runOnlyForDeploymentPostprocessing = 0;
		};
/* End PBXFrameworksBuildPhase section */

/* Begin PBXGroup section */
		47BFB24A2AEA721A008ABDA5 = {
			isa = PBXGroup;
			children = (
				474C537E2AEAA7F000115387 /* README.md */,
				47BFB2552AEA721A008ABDA5 /* displayover */,
				47BFB2542AEA721A008ABDA5 /* Products */,
			);
			sourceTree = "<group>";
		};
		47BFB2542AEA721A008ABDA5 /* Products */ = {
			isa = PBXGroup;
			children = (
				47BFB2532AEA721A008ABDA5 /* DispLayover.app */,
			);
			name = Products;
			sourceTree = "<group>";
		};
		47BFB2552AEA721A008ABDA5 /* displayover */ = {
			isa = PBXGroup;
			children = (
				47BFB2562AEA721A008ABDA5 /* DispLayoverApp.swift */,
				47E422232AF00E7E00FBB61A /* Shapes.swift */,
				47AB95C92AF777B200F6A82C /* Cameras.swift */,
				47BFB2582AEA721A008ABDA5 /* ContentView.swift */,
				47BFB25A2AEA721A008ABDA5 /* Assets.xcassets */,
				47BFB25F2AEA721A008ABDA5 /* displayover.entitlements */,
				47BFB25C2AEA721A008ABDA5 /* Preview Content */,
			);
			path = displayover;
			sourceTree = "<group>";
		};
		47BFB25C2AEA721A008ABDA5 /* Preview Content */ = {
			isa = PBXGroup;
			children = (
				47BFB25D2AEA721A008ABDA5 /* Preview Assets.xcassets */,
			);
			path = "Preview Content";
			sourceTree = "<group>";
		};
/* End PBXGroup section */

/* Begin PBXNativeTarget section */
		47BFB2522AEA721A008ABDA5 /* DispLayover */ = {
			isa = PBXNativeTarget;
			buildConfigurationList = 47BFB2622AEA721A008ABDA5 /* Build configuration list for PBXNativeTarget "DispLayover" */;
			buildPhases = (
				47BFB24F2AEA721A008ABDA5 /* Sources */,
				47BFB2502AEA721A008ABDA5 /* Frameworks */,
				47BFB2512AEA721A008ABDA5 /* Resources */,
			);
			buildRules = (
			);
			dependencies = (
			);
			name = DispLayover;
			productName = displayover;
			productReference = 47BFB2532AEA721A008ABDA5 /* DispLayover.app */;
			productType = "com.apple.product-type.application";
		};
/* End PBXNativeTarget section */

/* Begin PBXProject section */
		47BFB24B2AEA721A008ABDA5 /* Project object */ = {
			isa = PBXProject;
			attributes = {
				BuildIndependentTargetsInParallel = 1;
				LastSwiftUpdateCheck = 1430;
				LastUpgradeCheck = 1500;
				TargetAttributes = {
					47BFB2522AEA721A008ABDA5 = {
						CreatedOnToolsVersion = 14.3;
					};
				};
			};
			buildConfigurationList = 47BFB24E2AEA721A008ABDA5 /* Build configuration list for PBXProject "displayover" */;
			compatibilityVersion = "Xcode 14.0";
			developmentRegion = en;
			hasScannedForEncodings = 0;
			knownRegions = (
				en,
				Base,
			);
			mainGroup = 47BFB24A2AEA721A008ABDA5;
			productRefGroup = 47BFB2542AEA721A008ABDA5 /* Products */;
			projectDirPath = "";
			projectRoot = "";
			targets = (
				47BFB2522AEA721A008ABDA5 /* DispLayover */,
			);
		};
/* End PBXProject section */

/* Begin PBXResourcesBuildPhase section */
		47BFB2512AEA721A008ABDA5 /* Resources */ = {
			isa = PBXResourcesBuildPhase;
			buildActionMask = 2147483647;
			files = (
				47BFB25E2AEA721A008ABDA5 /* Preview Assets.xcassets in Resources */,
				47BFB25B2AEA721A008ABDA5 /* Assets.xcassets in Resources */,
			);
			runOnlyForDeploymentPostprocessing = 0;
		};
/* End PBXResourcesBuildPhase section */

/* Begin PBXSourcesBuildPhase section */
		47BFB24F2AEA721A008ABDA5 /* Sources */ = {
			isa = PBXSourcesBuildPhase;
			buildActionMask = 2147483647;
			files = (
				47AB95CA2AF777B200F6A82C /* Cameras.swift in Sources */,
				47BFB2592AEA721A008ABDA5 /* ContentView.swift in Sources */,
				47BFB2572AEA721A008ABDA5 /* DispLayoverApp.swift in Sources */,
				47E422242AF00E7E00FBB61A /* Shapes.swift in Sources */,
			);
			runOnlyForDeploymentPostprocessing = 0;
		};
/* End PBXSourcesBuildPhase section */

/* Begin XCBuildConfiguration section */
		47BFB2602AEA721A008ABDA5 /* Debug */ = {
			isa = XCBuildConfiguration;
			buildSettings = {
				ALWAYS_SEARCH_USER_PATHS = NO;
				CLANG_ANALYZER_NONNULL = YES;
				CLANG_ANALYZER_NUMBER_OBJECT_CONVERSION = YES_AGGRESSIVE;
				CLANG_CXX_LANGUAGE_STANDARD = "gnu++20";
				CLANG_ENABLE_MODULES = YES;
				CLANG_ENABLE_OBJC_ARC = YES;
				CLANG_ENABLE_OBJC_WEAK = YES;
				CLANG_WARN_BLOCK_CAPTURE_AUTORELEASING = YES;
				CLANG_WARN_BOOL_CONVERSION = YES;
				CLANG_WARN_COMMA = YES;
				CLANG_WARN_CONSTANT_CONVERSION = YES;
				CLANG_WARN_DEPRECATED_OBJC_IMPLEMENTATIONS = YES;
				CLANG_WARN_DIRECT_OBJC_ISA_USAGE = YES_ERROR;
				CLANG_WARN_DOCUMENTATION_COMMENTS = YES;
				CLANG_WARN_EMPTY_BODY = YES;
				CLANG_WARN_ENUM_CONVERSION = YES;
				CLANG_WARN_INFINITE_RECURSION = YES;
				CLANG_WARN_INT_CONVERSION = YES;
				CLANG_WARN_NON_LITERAL_NULL_CONVERSION = YES;
				CLANG_WARN_OBJC_IMPLICIT_RETAIN_SELF = YES;
				CLANG_WARN_OBJC_LITERAL_CONVERSION = YES;
				CLANG_WARN_OBJC_ROOT_CLASS = YES_ERROR;
				CLANG_WARN_QUOTED_INCLUDE_IN_FRAMEWORK_HEADER = YES;
				CLANG_WARN_RANGE_LOOP_ANALYSIS = YES;
				CLANG_WARN_STRICT_PROTOTYPES = YES;
				CLANG_WARN_SUSPICIOUS_MOVE = YES;
				CLANG_WARN_UNGUARDED_AVAILABILITY = YES_AGGRESSIVE;
				CLANG_WARN_UNREACHABLE_CODE = YES;
				CLANG_WARN__DUPLICATE_METHOD_MATCH = YES;
				COPY_PHASE_STRIP = NO;
				DEAD_CODE_STRIPPING = YES;
				DEBUG_INFORMATION_FORMAT = dwarf;
				ENABLE_STRICT_OBJC_MSGSEND = YES;
				ENABLE_TESTABILITY = YES;
				ENABLE_USER_SCRIPT_SANDBOXING = YES;
				GCC_C_LANGUAGE_STANDARD = gnu11;
				GCC_DYNAMIC_NO_PIC = NO;
				GCC_NO_COMMON_BLOCKS = YES;
				GCC_OPTIMIZATION_LEVEL = 0;
				GCC_PREPROCESSOR_DEFINITIONS = (
					"DEBUG=1",
					"$(inherited)",
				);
				GCC_WARN_64_TO_32_BIT_CONVERSION = YES;
				GCC_WARN_ABOUT_RETURN_TYPE = YES_ERROR;
				GCC_WARN_UNDECLARED_SELECTOR = YES;
				GCC_WARN_UNINITIALIZED_AUTOS = YES_AGGRESSIVE;
				GCC_WARN_UNUSED_FUNCTION = YES;
				GCC_WARN_UNUSED_VARIABLE = YES;
				MACOSX_DEPLOYMENT_TARGET = 13.3;
				MTL_ENABLE_DEBUG_INFO = INCLUDE_SOURCE;
				MTL_FAST_MATH = YES;
				ONLY_ACTIVE_ARCH = YES;
				SDKROOT = macosx;
				SWIFT_ACTIVE_COMPILATION_CONDITIONS = DEBUG;
				SWIFT_OPTIMIZATION_LEVEL = "-Onone";
			};
			name = Debug;
		};
		47BFB2612AEA721A008ABDA5 /* Release */ = {
			isa = XCBuildConfiguration;
			buildSettings = {
				ALWAYS_SEARCH_USER_PATHS = NO;
				CLANG_ANALYZER_NONNULL = YES;
				CLANG_ANALYZER_NUMBER_OBJECT_CONVERSION = YES_AGGRESSIVE;
				CLANG_CXX_LANGUAGE_STANDARD = "gnu++20";
				CLANG_ENABLE_MODULES = YES;
				CLANG_ENABLE_OBJC_ARC = YES;
				CLANG_ENABLE_OBJC_WEAK = YES;
				CLANG_WARN_BLOCK_CAPTURE_AUTORELEASING = YES;
				CLANG_WARN_BOOL_CONVERSION = YES;
				CLANG_WARN_COMMA = YES;
				CLANG_WARN_CONSTANT_CONVERSION = YES;
				CLANG_WARN_DEPRECATED_OBJC_IMPLEMENTATIONS = YES;
				CLANG_WARN_DIRECT_OBJC_ISA_USAGE = YES_ERROR;
				CLANG_WARN_DOCUMENTATION_COMMENTS = YES;
				CLANG_WARN_EMPTY_BODY = YES;
				CLANG_WARN_ENUM_CONVERSION = YES;
				CLANG_WARN_INFINITE_RECURSION = YES;
				CLANG_WARN_INT_CONVERSION = YES;
				CLANG_WARN_NON_LITERAL_NULL_CONVERSION = YES;
				CLANG_WARN_OBJC_IMPLICIT_RETAIN_SELF = YES;
				CLANG_WARN_OBJC_LITERAL_CONVERSION = YES;
				CLANG_WARN_OBJC_ROOT_CLASS = YES_ERROR;
				CLANG_WARN_QUOTED_INCLUDE_IN_FRAMEWORK_HEADER = YES;
				CLANG_WARN_RANGE_LOOP_ANALYSIS = YES;
				CLANG_WARN_STRICT_PROTOTYPES = YES;
				CLANG_WARN_SUSPICIOUS_MOVE = YES;
				CLANG_WARN_UNGUARDED_AVAILABILITY = YES_AGGRESSIVE;
				CLANG_WARN_UNREACHABLE_CODE = YES;
				CLANG_WARN__DUPLICATE_METHOD_MATCH = YES;
				COPY_PHASE_STRIP = NO;
				DEAD_CODE_STRIPPING = YES;
				DEBUG_INFORMATION_FORMAT = "dwarf-with-dsym";
				ENABLE_NS_ASSERTIONS = NO;
				ENABLE_STRICT_OBJC_MSGSEND = YES;
				ENABLE_USER_SCRIPT_SANDBOXING = YES;
				GCC_C_LANGUAGE_STANDARD = gnu11;
				GCC_NO_COMMON_BLOCKS = YES;
				GCC_WARN_64_TO_32_BIT_CONVERSION = YES;
				GCC_WARN_ABOUT_RETURN_TYPE = YES_ERROR;
				GCC_WARN_UNDECLARED_SELECTOR = YES;
				GCC_WARN_UNINITIALIZED_AUTOS = YES_AGGRESSIVE;
				GCC_WARN_UNUSED_FUNCTION = YES;
				GCC_WARN_UNUSED_VARIABLE = YES;
				MACOSX_DEPLOYMENT_TARGET = 13.3;
				MTL_ENABLE_DEBUG_INFO = NO;
				MTL_FAST_MATH = YES;
				SDKROOT = macosx;
				SWIFT_COMPILATION_MODE = wholemodule;
				SWIFT_OPTIMIZATION_LEVEL = "-O";
			};
			name = Release;
		};
		47BFB2632AEA721A008ABDA5 /* Debug */ = {
			isa = XCBuildConfiguration;
			buildSettings = {
				ASSETCATALOG_COMPILER_APPICON_NAME = AppIcon;
				ASSETCATALOG_COMPILER_GLOBAL_ACCENT_COLOR_NAME = AccentColor;
				CODE_SIGN_ENTITLEMENTS = displayover/displayover.entitlements;
				CODE_SIGN_STYLE = Automatic;
				COMBINE_HIDPI_IMAGES = YES;
				CURRENT_PROJECT_VERSION = 1;
				DEAD_CODE_STRIPPING = YES;
				DEVELOPMENT_ASSET_PATHS = "\"displayover/Preview Content\"";
				DEVELOPMENT_TEAM = Q9FL9DQG99;
				ENABLE_HARDENED_RUNTIME = YES;
				ENABLE_PREVIEWS = YES;
				GENERATE_INFOPLIST_FILE = YES;
				INFOPLIST_KEY_LSApplicationCategoryType = "public.app-category.productivity";
				INFOPLIST_KEY_NSCameraUsageDescription = "This application uses your camera to display a floating preview window on your screen.";
				INFOPLIST_KEY_NSHumanReadableCopyright = "";
				LD_RUNPATH_SEARCH_PATHS = (
					"$(inherited)",
					"@executable_path/../Frameworks",
				);
				MACOSX_DEPLOYMENT_TARGET = 13.4;
				MARKETING_VERSION = 1.14;
				PRODUCT_BUNDLE_IDENTIFIER = RenSor.displayover;
				PRODUCT_NAME = "$(TARGET_NAME)";
				SWIFT_EMIT_LOC_STRINGS = YES;
				SWIFT_VERSION = 5.0;
			};
			name = Debug;
		};
		47BFB2642AEA721A008ABDA5 /* Release */ = {
			isa = XCBuildConfiguration;
			buildSettings = {
				ASSETCATALOG_COMPILER_APPICON_NAME = AppIcon;
				ASSETCATALOG_COMPILER_GLOBAL_ACCENT_COLOR_NAME = AccentColor;
				CODE_SIGN_ENTITLEMENTS = displayover/displayover.entitlements;
				CODE_SIGN_STYLE = Automatic;
				COMBINE_HIDPI_IMAGES = YES;
				CURRENT_PROJECT_VERSION = 1;
				DEAD_CODE_STRIPPING = YES;
				DEVELOPMENT_ASSET_PATHS = "\"displayover/Preview Content\"";
				DEVELOPMENT_TEAM = Q9FL9DQG99;
				ENABLE_HARDENED_RUNTIME = YES;
				ENABLE_PREVIEWS = YES;
				GENERATE_INFOPLIST_FILE = YES;
				INFOPLIST_KEY_LSApplicationCategoryType = "public.app-category.productivity";
				INFOPLIST_KEY_NSCameraUsageDescription = "This application uses your camera to display a floating preview window on your screen.";
				INFOPLIST_KEY_NSHumanReadableCopyright = "";
				LD_RUNPATH_SEARCH_PATHS = (
					"$(inherited)",
					"@executable_path/../Frameworks",
				);
				MACOSX_DEPLOYMENT_TARGET = 13.4;
				MARKETING_VERSION = 1.14;
				PRODUCT_BUNDLE_IDENTIFIER = RenSor.displayover;
				PRODUCT_NAME = "$(TARGET_NAME)";
				SWIFT_EMIT_LOC_STRINGS = YES;
				SWIFT_VERSION = 5.0;
			};
			name = Release;
		};
/* End XCBuildConfiguration section */

/* Begin XCConfigurationList section */
		47BFB24E2AEA721A008ABDA5 /* Build configuration list for PBXProject "displayover" */ = {
			isa = XCConfigurationList;
			buildConfigurations = (
				47BFB2602AEA721A008ABDA5 /* Debug */,
				47BFB2612AEA721A008ABDA5 /* Release */,
			);
			defaultConfigurationIsVisible = 0;
			defaultConfigurationName = Release;
		};
		47BFB2622AEA721A008ABDA5 /* Build configuration list for PBXNativeTarget "DispLayover" */ = {
			isa = XCConfigurationList;
			buildConfigurations = (
				47BFB2632AEA721A008ABDA5 /* Debug */,
				47BFB2642AEA721A008ABDA5 /* Release */,
			);
			defaultConfigurationIsVisible = 0;
			defaultConfigurationName = Release;
		};
/* End XCConfigurationList section */
	};
	rootObject = 47BFB24B2AEA721A008ABDA5 /* Project object */;
}
