{
  "pins" : [
    {
      "identity" : "swift-svgshape",
      "kind" : "remoteSourceControl",
      "location" : "https://github.com/rensorapps/Swift-SVGShape.git",
      "state" : {
        "branch" : "main",
        "revision" : "8148f9804adbe264f68c97ea80b2335c87899e6d"
      }
    }
  ],
  "version" : 2
}
