{
  "pins" : [
    {
      "identity" : "swift-svgshape",
      "kind" : "remoteSourceControl",
      "location" : "https://github.com/rensorapps/Swift-SVGShape.git",
      "state" : {
        "branch" : "main",
        "revision" : "a8dde97a8edd025eefc8c3f26dcf51a89953f743"
      }
    }
  ],
  "version" : 2
}
